// !$*UTF8*$!
{
	archiveVersion = 1;
	classes = {
	};
	objectVersion = 50;
	objects = {

/* Begin PBXBuildFile section */
		8935C70621AF272A00C0A34F /* AppDelegate.swift in Sources */ = {isa = PBXBuildFile; fileRef = 8935C70521AF272A00C0A34F /* AppDelegate.swift */; };
		8935C70821AF272A00C0A34F /* ViewController.swift in Sources */ = {isa = PBXBuildFile; fileRef = 8935C70721AF272A00C0A34F /* ViewController.swift */; };
		8935C70B21AF272A00C0A34F /* Main.storyboard in Resources */ = {isa = PBXBuildFile; fileRef = 8935C70921AF272A00C0A34F /* Main.storyboard */; };
		8935C70E21AF272A00C0A34F /* PageTheScroll.xcdatamodeld in Sources */ = {isa = PBXBuildFile; fileRef = 8935C70C21AF272A00C0A34F /* PageTheScroll.xcdatamodeld */; };
		8935C71021AF272A00C0A34F /* Assets.xcassets in Resources */ = {isa = PBXBuildFile; fileRef = 8935C70F21AF272A00C0A34F /* Assets.xcassets */; };
		8935C71321AF272A00C0A34F /* LaunchScreen.storyboard in Resources */ = {isa = PBXBuildFile; fileRef = 8935C71121AF272A00C0A34F /* LaunchScreen.storyboard */; };
		8935C71E21AF272B00C0A34F /* PageTheScrollTests.swift in Sources */ = {isa = PBXBuildFile; fileRef = 8935C71D21AF272B00C0A34F /* PageTheScrollTests.swift */; };
		8935C72921AF272B00C0A34F /* PageTheScrollUITests.swift in Sources */ = {isa = PBXBuildFile; fileRef = 8935C72821AF272B00C0A34F /* PageTheScrollUITests.swift */; };
/* End PBXBuildFile section */

/* Begin PBXContainerItemProxy section */
		8935C71A21AF272B00C0A34F /* PBXContainerItemProxy */ = {
			isa = PBXContainerItemProxy;
			containerPortal = 8935C6FA21AF272A00C0A34F /* Project object */;
			proxyType = 1;
			remoteGlobalIDString = 8935C70121AF272A00C0A34F;
			remoteInfo = PageTheScroll;
		};
		8935C72521AF272B00C0A34F /* PBXContainerItemProxy */ = {
			isa = PBXContainerItemProxy;
			containerPortal = 8935C6FA21AF272A00C0A34F /* Project object */;
			proxyType = 1;
			remoteGlobalIDString = 8935C70121AF272A00C0A34F;
			remoteInfo = PageTheScroll;
		};
/* End PBXContainerItemProxy section */

/* Begin PBXFileReference section */
		8935C70221AF272A00C0A34F /* PageTheScroll.app */ = {isa = PBXFileReference; explicitFileType = wrapper.application; includeInIndex = 0; path = PageTheScroll.app; sourceTree = BUILT_PRODUCTS_DIR; };
		8935C70521AF272A00C0A34F /* AppDelegate.swift */ = {isa = PBXFileReference; lastKnownFileType = sourcecode.swift; path = AppDelegate.swift; sourceTree = "<group>"; };
		8935C70721AF272A00C0A34F /* ViewController.swift */ = {isa = PBXFileReference; lastKnownFileType = sourcecode.swift; path = ViewController.swift; sourceTree = "<group>"; };
		8935C70A21AF272A00C0A34F /* Base */ = {isa = PBXFileReference; lastKnownFileType = file.storyboard; name = Base; path = Base.lproj/Main.storyboard; sourceTree = "<group>"; };
		8935C70D21AF272A00C0A34F /* PageTheScroll.xcdatamodel */ = {isa = PBXFileReference; lastKnownFileType = wrapper.xcdatamodel; path = PageTheScroll.xcdatamodel; sourceTree = "<group>"; };
		8935C70F21AF272A00C0A34F /* Assets.xcassets */ = {isa = PBXFileReference; lastKnownFileType = folder.assetcatalog; path = Assets.xcassets; sourceTree = "<group>"; };
		8935C71221AF272A00C0A34F /* Base */ = {isa = PBXFileReference; lastKnownFileType = file.storyboard; name = Base; path = Base.lproj/LaunchScreen.storyboard; sourceTree = "<group>"; };
		8935C71421AF272A00C0A34F /* Info.plist */ = {isa = PBXFileReference; lastKnownFileType = text.plist.xml; path = Info.plist; sourceTree = "<group>"; };
		8935C71921AF272B00C0A34F /* PageTheScrollTests.xctest */ = {isa = PBXFileReference; explicitFileType = wrapper.cfbundle; includeInIndex = 0; path = PageTheScrollTests.xctest; sourceTree = BUILT_PRODUCTS_DIR; };
		8935C71D21AF272B00C0A34F /* PageTheScrollTests.swift */ = {isa = PBXFileReference; lastKnownFileType = sourcecode.swift; path = PageTheScrollTests.swift; sourceTree = "<group>"; };
		8935C71F21AF272B00C0A34F /* Info.plist */ = {isa = PBXFileReference; lastKnownFileType = text.plist.xml; path = Info.plist; sourceTree = "<group>"; };
		8935C72421AF272B00C0A34F /* PageTheScrollUITests.xctest */ = {isa = PBXFileReference; explicitFileType = wrapper.cfbundle; includeInIndex = 0; path = PageTheScrollUITests.xctest; sourceTree = BUILT_PRODUCTS_DIR; };
		8935C72821AF272B00C0A34F /* PageTheScrollUITests.swift */ = {isa = PBXFileReference; lastKnownFileType = sourcecode.swift; path = PageTheScrollUITests.swift; sourceTree = "<group>"; };
		8935C72A21AF272B00C0A34F /* Info.plist */ = {isa = PBXFileReference; lastKnownFileType = text.plist.xml; path = Info.plist; sourceTree = "<group>"; };
/* End PBXFileReference section */

/* Begin PBXFrameworksBuildPhase section */
		8935C6FF21AF272A00C0A34F /* Frameworks */ = {
			isa = PBXFrameworksBuildPhase;
			buildActionMask = 2147483647;
			files = (
			);
			runOnlyForDeploymentPostprocessing = 0;
		};
		8935C71621AF272B00C0A34F /* Frameworks */ = {
			isa = PBXFrameworksBuildPhase;
			buildActionMask = 2147483647;
			files = (
			);
			runOnlyForDeploymentPostprocessing = 0;
		};
		8935C72121AF272B00C0A34F /* Frameworks */ = {
			isa = PBXFrameworksBuildPhase;
			buildActionMask = 2147483647;
			files = (
			);
			runOnlyForDeploymentPostprocessing = 0;
		};
/* End PBXFrameworksBuildPhase section */

/* Begin PBXGroup section */
		8935C6F921AF272A00C0A34F = {
			isa = PBXGroup;
			children = (
				8935C70421AF272A00C0A34F /* PageTheScroll */,
				8935C71C21AF272B00C0A34F /* PageTheScrollTests */,
				8935C72721AF272B00C0A34F /* PageTheScrollUITests */,
				8935C70321AF272A00C0A34F /* Products */,
			);
			sourceTree = "<group>";
		};
		8935C70321AF272A00C0A34F /* Products */ = {
			isa = PBXGroup;
			children = (
				8935C70221AF272A00C0A34F /* PageTheScroll.app */,
				8935C71921AF272B00C0A34F /* PageTheScrollTests.xctest */,
				8935C72421AF272B00C0A34F /* PageTheScrollUITests.xctest */,
			);
			name = Products;
			sourceTree = "<group>";
		};
		8935C70421AF272A00C0A34F /* PageTheScroll */ = {
			isa = PBXGroup;
			children = (
				8935C70521AF272A00C0A34F /* AppDelegate.swift */,
				8935C70721AF272A00C0A34F /* ViewController.swift */,
				8935C70921AF272A00C0A34F /* Main.storyboard */,
				8935C70F21AF272A00C0A34F /* Assets.xcassets */,
				8935C71121AF272A00C0A34F /* LaunchScreen.storyboard */,
				8935C71421AF272A00C0A34F /* Info.plist */,
				8935C70C21AF272A00C0A34F /* PageTheScroll.xcdatamodeld */,
			);
			path = PageTheScroll;
			sourceTree = "<group>";
		};
		8935C71C21AF272B00C0A34F /* PageTheScrollTests */ = {
			isa = PBXGroup;
			children = (
				8935C71D21AF272B00C0A34F /* PageTheScrollTests.swift */,
				8935C71F21AF272B00C0A34F /* Info.plist */,
			);
			path = PageTheScrollTests;
			sourceTree = "<group>";
		};
		8935C72721AF272B00C0A34F /* PageTheScrollUITests */ = {
			isa = PBXGroup;
			children = (
				8935C72821AF272B00C0A34F /* PageTheScrollUITests.swift */,
				8935C72A21AF272B00C0A34F /* Info.plist */,
			);
			path = PageTheScrollUITests;
			sourceTree = "<group>";
		};
/* End PBXGroup section */

/* Begin PBXNativeTarget section */
		8935C70121AF272A00C0A34F /* PageTheScroll */ = {
			isa = PBXNativeTarget;
			buildConfigurationList = 8935C72D21AF272B00C0A34F /* Build configuration list for PBXNativeTarget "PageTheScroll" */;
			buildPhases = (
				8935C6FE21AF272A00C0A34F /* Sources */,
				8935C6FF21AF272A00C0A34F /* Frameworks */,
				8935C70021AF272A00C0A34F /* Resources */,
			);
			buildRules = (
			);
			dependencies = (
			);
			name = PageTheScroll;
			productName = PageTheScroll;
			productReference = 8935C70221AF272A00C0A34F /* PageTheScroll.app */;
			productType = "com.apple.product-type.application";
		};
		8935C71821AF272B00C0A34F /* PageTheScrollTests */ = {
			isa = PBXNativeTarget;
			buildConfigurationList = 8935C73021AF272B00C0A34F /* Build configuration list for PBXNativeTarget "PageTheScrollTests" */;
			buildPhases = (
				8935C71521AF272B00C0A34F /* Sources */,
				8935C71621AF272B00C0A34F /* Frameworks */,
				8935C71721AF272B00C0A34F /* Resources */,
			);
			buildRules = (
			);
			dependencies = (
				8935C71B21AF272B00C0A34F /* PBXTargetDependency */,
			);
			name = PageTheScrollTests;
			productName = PageTheScrollTests;
			productReference = 8935C71921AF272B00C0A34F /* PageTheScrollTests.xctest */;
			productType = "com.apple.product-type.bundle.unit-test";
		};
		8935C72321AF272B00C0A34F /* PageTheScrollUITests */ = {
			isa = PBXNativeTarget;
			buildConfigurationList = 8935C73321AF272B00C0A34F /* Build configuration list for PBXNativeTarget "PageTheScrollUITests" */;
			buildPhases = (
				8935C72021AF272B00C0A34F /* Sources */,
				8935C72121AF272B00C0A34F /* Frameworks */,
				8935C72221AF272B00C0A34F /* Resources */,
			);
			buildRules = (
			);
			dependencies = (
				8935C72621AF272B00C0A34F /* PBXTargetDependency */,
			);
			name = PageTheScrollUITests;
			productName = PageTheScrollUITests;
			productReference = 8935C72421AF272B00C0A34F /* PageTheScrollUITests.xctest */;
			productType = "com.apple.product-type.bundle.ui-testing";
		};
/* End PBXNativeTarget section */

/* Begin PBXProject section */
		8935C6FA21AF272A00C0A34F /* Project object */ = {
			isa = PBXProject;
			attributes = {
				LastSwiftUpdateCheck = 1010;
				LastUpgradeCheck = 1010;
				ORGANIZATIONNAME = "Beau Bonin";
				TargetAttributes = {
					8935C70121AF272A00C0A34F = {
						CreatedOnToolsVersion = 10.1;
					};
					8935C71821AF272B00C0A34F = {
						CreatedOnToolsVersion = 10.1;
						TestTargetID = 8935C70121AF272A00C0A34F;
					};
					8935C72321AF272B00C0A34F = {
						CreatedOnToolsVersion = 10.1;
						TestTargetID = 8935C70121AF272A00C0A34F;
					};
				};
			};
			buildConfigurationList = 8935C6FD21AF272A00C0A34F /* Build configuration list for PBXProject "PageTheScroll" */;
			compatibilityVersion = "Xcode 9.3";
			developmentRegion = en;
			hasScannedForEncodings = 0;
			knownRegions = (
				en,
				Base,
			);
			mainGroup = 8935C6F921AF272A00C0A34F;
			productRefGroup = 8935C70321AF272A00C0A34F /* Products */;
			projectDirPath = "";
			projectRoot = "";
			targets = (
				8935C70121AF272A00C0A34F /* PageTheScroll */,
				8935C71821AF272B00C0A34F /* PageTheScrollTests */,
				8935C72321AF272B00C0A34F /* PageTheScrollUITests */,
			);
		};
/* End PBXProject section */

/* Begin PBXResourcesBuildPhase section */
		8935C70021AF272A00C0A34F /* Resources */ = {
			isa = PBXResourcesBuildPhase;
			buildActionMask = 2147483647;
			files = (
				8935C71321AF272A00C0A34F /* LaunchScreen.storyboard in Resources */,
				8935C71021AF272A00C0A34F /* Assets.xcassets in Resources */,
				8935C70B21AF272A00C0A34F /* Main.storyboard in Resources */,
			);
			runOnlyForDeploymentPostprocessing = 0;
		};
		8935C71721AF272B00C0A34F /* Resources */ = {
			isa = PBXResourcesBuildPhase;
			buildActionMask = 2147483647;
			files = (
			);
			runOnlyForDeploymentPostprocessing = 0;
		};
		8935C72221AF272B00C0A34F /* Resources */ = {
			isa = PBXResourcesBuildPhase;
			buildActionMask = 2147483647;
			files = (
			);
			runOnlyForDeploymentPostprocessing = 0;
		};
/* End PBXResourcesBuildPhase section */

/* Begin PBXSourcesBuildPhase section */
		8935C6FE21AF272A00C0A34F /* Sources */ = {
			isa = PBXSourcesBuildPhase;
			buildActionMask = 2147483647;
			files = (
				8935C70E21AF272A00C0A34F /* PageTheScroll.xcdatamodeld in Sources */,
				8935C70821AF272A00C0A34F /* ViewController.swift in Sources */,
				8935C70621AF272A00C0A34F /* AppDelegate.swift in Sources */,
			);
			runOnlyForDeploymentPostprocessing = 0;
		};
		8935C71521AF272B00C0A34F /* Sources */ = {
			isa = PBXSourcesBuildPhase;
			buildActionMask = 2147483647;
			files = (
				8935C71E21AF272B00C0A34F /* PageTheScrollTests.swift in Sources */,
			);
			runOnlyForDeploymentPostprocessing = 0;
		};
		8935C72021AF272B00C0A34F /* Sources */ = {
			isa = PBXSourcesBuildPhase;
			buildActionMask = 2147483647;
			files = (
				8935C72921AF272B00C0A34F /* PageTheScrollUITests.swift in Sources */,
			);
			runOnlyForDeploymentPostprocessing = 0;
		};
/* End PBXSourcesBuildPhase section */

/* Begin PBXTargetDependency section */
		8935C71B21AF272B00C0A34F /* PBXTargetDependency */ = {
			isa = PBXTargetDependency;
			target = 8935C70121AF272A00C0A34F /* PageTheScroll */;
			targetProxy = 8935C71A21AF272B00C0A34F /* PBXContainerItemProxy */;
		};
		8935C72621AF272B00C0A34F /* PBXTargetDependency */ = {
			isa = PBXTargetDependency;
			target = 8935C70121AF272A00C0A34F /* PageTheScroll */;
			targetProxy = 8935C72521AF272B00C0A34F /* PBXContainerItemProxy */;
		};
/* End PBXTargetDependency section */

/* Begin PBXVariantGroup section */
		8935C70921AF272A00C0A34F /* Main.storyboard */ = {
			isa = PBXVariantGroup;
			children = (
				8935C70A21AF272A00C0A34F /* Base */,
			);
			name = Main.storyboard;
			sourceTree = "<group>";
		};
		8935C71121AF272A00C0A34F /* LaunchScreen.storyboard */ = {
			isa = PBXVariantGroup;
			children = (
				8935C71221AF272A00C0A34F /* Base */,
			);
			name = LaunchScreen.storyboard;
			sourceTree = "<group>";
		};
/* End PBXVariantGroup section */

/* Begin XCBuildConfiguration section */
		8935C72B21AF272B00C0A34F /* Debug */ = {
			isa = XCBuildConfiguration;
			buildSettings = {
				ALWAYS_SEARCH_USER_PATHS = NO;
				CLANG_ANALYZER_NONNULL = YES;
				CLANG_ANALYZER_NUMBER_OBJECT_CONVERSION = YES_AGGRESSIVE;
				CLANG_CXX_LANGUAGE_STANDARD = "gnu++14";
				CLANG_CXX_LIBRARY = "libc++";
				CLANG_ENABLE_MODULES = YES;
				CLANG_ENABLE_OBJC_ARC = YES;
				CLANG_ENABLE_OBJC_WEAK = YES;
				CLANG_WARN_BLOCK_CAPTURE_AUTORELEASING = YES;
				CLANG_WARN_BOOL_CONVERSION = YES;
				CLANG_WARN_COMMA = YES;
				CLANG_WARN_CONSTANT_CONVERSION = YES;
				CLANG_WARN_DEPRECATED_OBJC_IMPLEMENTATIONS = YES;
				CLANG_WARN_DIRECT_OBJC_ISA_USAGE = YES_ERROR;
				CLANG_WARN_DOCUMENTATION_COMMENTS = YES;
				CLANG_WARN_EMPTY_BODY = YES;
				CLANG_WARN_ENUM_CONVERSION = YES;
				CLANG_WARN_INFINITE_RECURSION = YES;
				CLANG_WARN_INT_CONVERSION = YES;
				CLANG_WARN_NON_LITERAL_NULL_CONVERSION = YES;
				CLANG_WARN_OBJC_IMPLICIT_RETAIN_SELF = YES;
				CLANG_WARN_OBJC_LITERAL_CONVERSION = YES;
				CLANG_WARN_OBJC_ROOT_CLASS = YES_ERROR;
				CLANG_WARN_RANGE_LOOP_ANALYSIS = YES;
				CLANG_WARN_STRICT_PROTOTYPES = YES;
				CLANG_WARN_SUSPICIOUS_MOVE = YES;
				CLANG_WARN_UNGUARDED_AVAILABILITY = YES_AGGRESSIVE;
				CLANG_WARN_UNREACHABLE_CODE = YES;
				CLANG_WARN__DUPLICATE_METHOD_MATCH = YES;
				CODE_SIGN_IDENTITY = "iPhone Developer";
				COPY_PHASE_STRIP = NO;
				DEBUG_INFORMATION_FORMAT = dwarf;
				ENABLE_STRICT_OBJC_MSGSEND = YES;
				ENABLE_TESTABILITY = YES;
				GCC_C_LANGUAGE_STANDARD = gnu11;
				GCC_DYNAMIC_NO_PIC = NO;
				GCC_NO_COMMON_BLOCKS = YES;
				GCC_OPTIMIZATION_LEVEL = 0;
				GCC_PREPROCESSOR_DEFINITIONS = (
					"DEBUG=1",
					"$(inherited)",
				);
				GCC_WARN_64_TO_32_BIT_CONVERSION = YES;
				GCC_WARN_ABOUT_RETURN_TYPE = YES_ERROR;
				GCC_WARN_UNDECLARED_SELECTOR = YES;
				GCC_WARN_UNINITIALIZED_AUTOS = YES_AGGRESSIVE;
				GCC_WARN_UNUSED_FUNCTION = YES;
				GCC_WARN_UNUSED_VARIABLE = YES;
				IPHONEOS_DEPLOYMENT_TARGET = 12.1;
				MTL_ENABLE_DEBUG_INFO = INCLUDE_SOURCE;
				MTL_FAST_MATH = YES;
				ONLY_ACTIVE_ARCH = YES;
				SDKROOT = iphoneos;
				SWIFT_ACTIVE_COMPILATION_CONDITIONS = DEBUG;
				SWIFT_OPTIMIZATION_LEVEL = "-Onone";
			};
			name = Debug;
		};
		8935C72C21AF272B00C0A34F /* Release */ = {
			isa = XCBuildConfiguration;
			buildSettings = {
				ALWAYS_SEARCH_USER_PATHS = NO;
				CLANG_ANALYZER_NONNULL = YES;
				CLANG_ANALYZER_NUMBER_OBJECT_CONVERSION = YES_AGGRESSIVE;
				CLANG_CXX_LANGUAGE_STANDARD = "gnu++14";
				CLANG_CXX_LIBRARY = "libc++";
				CLANG_ENABLE_MODULES = YES;
				CLANG_ENABLE_OBJC_ARC = YES;
				CLANG_ENABLE_OBJC_WEAK = YES;
				CLANG_WARN_BLOCK_CAPTURE_AUTORELEASING = YES;
				CLANG_WARN_BOOL_CONVERSION = YES;
				CLANG_WARN_COMMA = YES;
				CLANG_WARN_CONSTANT_CONVERSION = YES;
				CLANG_WARN_DEPRECATED_OBJC_IMPLEMENTATIONS = YES;
				CLANG_WARN_DIRECT_OBJC_ISA_USAGE = YES_ERROR;
				CLANG_WARN_DOCUMENTATION_COMMENTS = YES;
				CLANG_WARN_EMPTY_BODY = YES;
				CLANG_WARN_ENUM_CONVERSION = YES;
				CLANG_WARN_INFINITE_RECURSION = YES;
				CLANG_WARN_INT_CONVERSION = YES;
				CLANG_WARN_NON_LITERAL_NULL_CONVERSION = YES;
				CLANG_WARN_OBJC_IMPLICIT_RETAIN_SELF = YES;
				CLANG_WARN_OBJC_LITERAL_CONVERSION = YES;
				CLANG_WARN_OBJC_ROOT_CLASS = YES_ERROR;
				CLANG_WARN_RANGE_LOOP_ANALYSIS = YES;
				CLANG_WARN_STRICT_PROTOTYPES = YES;
				CLANG_WARN_SUSPICIOUS_MOVE = YES;
				CLANG_WARN_UNGUARDED_AVAILABILITY = YES_AGGRESSIVE;
				CLANG_WARN_UNREACHABLE_CODE = YES;
				CLANG_WARN__DUPLICATE_METHOD_MATCH = YES;
				CODE_SIGN_IDENTITY = "iPhone Developer";
				COPY_PHASE_STRIP = NO;
				DEBUG_INFORMATION_FORMAT = "dwarf-with-dsym";
				ENABLE_NS_ASSERTIONS = NO;
				ENABLE_STRICT_OBJC_MSGSEND = YES;
				GCC_C_LANGUAGE_STANDARD = gnu11;
				GCC_NO_COMMON_BLOCKS = YES;
				GCC_WARN_64_TO_32_BIT_CONVERSION = YES;
				GCC_WARN_ABOUT_RETURN_TYPE = YES_ERROR;
				GCC_WARN_UNDECLARED_SELECTOR = YES;
				GCC_WARN_UNINITIALIZED_AUTOS = YES_AGGRESSIVE;
				GCC_WARN_UNUSED_FUNCTION = YES;
				GCC_WARN_UNUSED_VARIABLE = YES;
				IPHONEOS_DEPLOYMENT_TARGET = 12.1;
				MTL_ENABLE_DEBUG_INFO = NO;
				MTL_FAST_MATH = YES;
				SDKROOT = iphoneos;
				SWIFT_COMPILATION_MODE = wholemodule;
				SWIFT_OPTIMIZATION_LEVEL = "-O";
				VALIDATE_PRODUCT = YES;
			};
			name = Release;
		};
		8935C72E21AF272B00C0A34F /* Debug */ = {
			isa = XCBuildConfiguration;
			buildSettings = {
				ASSETCATALOG_COMPILER_APPICON_NAME = AppIcon;
				CODE_SIGN_STYLE = Automatic;
				INFOPLIST_FILE = PageTheScroll/Info.plist;
				LD_RUNPATH_SEARCH_PATHS = (
					"$(inherited)",
					"@executable_path/Frameworks",
				);
				PRODUCT_BUNDLE_IDENTIFIER = Beau.PageTheScroll;
				PRODUCT_NAME = "$(TARGET_NAME)";
				SWIFT_VERSION = 4.2;
				TARGETED_DEVICE_FAMILY = "1,2";
			};
			name = Debug;
		};
		8935C72F21AF272B00C0A34F /* Release */ = {
			isa = XCBuildConfiguration;
			buildSettings = {
				ASSETCATALOG_COMPILER_APPICON_NAME = AppIcon;
				CODE_SIGN_STYLE = Automatic;
				INFOPLIST_FILE = PageTheScroll/Info.plist;
				LD_RUNPATH_SEARCH_PATHS = (
					"$(inherited)",
					"@executable_path/Frameworks",
				);
				PRODUCT_BUNDLE_IDENTIFIER = Beau.PageTheScroll;
				PRODUCT_NAME = "$(TARGET_NAME)";
				SWIFT_VERSION = 4.2;
				TARGETED_DEVICE_FAMILY = "1,2";
			};
			name = Release;
		};
		8935C73121AF272B00C0A34F /* Debug */ = {
			isa = XCBuildConfiguration;
			buildSettings = {
				ALWAYS_EMBED_SWIFT_STANDARD_LIBRARIES = YES;
				BUNDLE_LOADER = "$(TEST_HOST)";
				CODE_SIGN_STYLE = Automatic;
				INFOPLIST_FILE = PageTheScrollTests/Info.plist;
				LD_RUNPATH_SEARCH_PATHS = (
					"$(inherited)",
					"@executable_path/Frameworks",
					"@loader_path/Frameworks",
				);
				PRODUCT_BUNDLE_IDENTIFIER = Beau.PageTheScrollTests;
				PRODUCT_NAME = "$(TARGET_NAME)";
				SWIFT_VERSION = 4.2;
				TARGETED_DEVICE_FAMILY = "1,2";
				TEST_HOST = "$(BUILT_PRODUCTS_DIR)/PageTheScroll.app/PageTheScroll";
			};
			name = Debug;
		};
		8935C73221AF272B00C0A34F /* Release */ = {
			isa = XCBuildConfiguration;
			buildSettings = {
				ALWAYS_EMBED_SWIFT_STANDARD_LIBRARIES = YES;
				BUNDLE_LOADER = "$(TEST_HOST)";
				CODE_SIGN_STYLE = Automatic;
				INFOPLIST_FILE = PageTheScrollTests/Info.plist;
				LD_RUNPATH_SEARCH_PATHS = (
					"$(inherited)",
					"@executable_path/Frameworks",
					"@loader_path/Frameworks",
				);
				PRODUCT_BUNDLE_IDENTIFIER = Beau.PageTheScrollTests;
				PRODUCT_NAME = "$(TARGET_NAME)";
				SWIFT_VERSION = 4.2;
				TARGETED_DEVICE_FAMILY = "1,2";
				TEST_HOST = "$(BUILT_PRODUCTS_DIR)/PageTheScroll.app/PageTheScroll";
			};
			name = Release;
		};
		8935C73421AF272B00C0A34F /* Debug */ = {
			isa = XCBuildConfiguration;
			buildSettings = {
				ALWAYS_EMBED_SWIFT_STANDARD_LIBRARIES = YES;
				CODE_SIGN_STYLE = Automatic;
				INFOPLIST_FILE = PageTheScrollUITests/Info.plist;
				LD_RUNPATH_SEARCH_PATHS = (
					"$(inherited)",
					"@executable_path/Frameworks",
					"@loader_path/Frameworks",
				);
				PRODUCT_BUNDLE_IDENTIFIER = Beau.PageTheScrollUITests;
				PRODUCT_NAME = "$(TARGET_NAME)";
				SWIFT_VERSION = 4.2;
				TARGETED_DEVICE_FAMILY = "1,2";
				TEST_TARGET_NAME = PageTheScroll;
			};
			name = Debug;
		};
		8935C73521AF272B00C0A34F /* Release */ = {
			isa = XCBuildConfiguration;
			buildSettings = {
				ALWAYS_EMBED_SWIFT_STANDARD_LIBRARIES = YES;
				CODE_SIGN_STYLE = Automatic;
				INFOPLIST_FILE = PageTheScrollUITests/Info.plist;
				LD_RUNPATH_SEARCH_PATHS = (
					"$(inherited)",
					"@executable_path/Frameworks",
					"@loader_path/Frameworks",
				);
				PRODUCT_BUNDLE_IDENTIFIER = Beau.PageTheScrollUITests;
				PRODUCT_NAME = "$(TARGET_NAME)";
				SWIFT_VERSION = 4.2;
				TARGETED_DEVICE_FAMILY = "1,2";
				TEST_TARGET_NAME = PageTheScroll;
			};
			name = Release;
		};
/* End XCBuildConfiguration section */

/* Begin XCConfigurationList section */
		8935C6FD21AF272A00C0A34F /* Build configuration list for PBXProject "PageTheScroll" */ = {
			isa = XCConfigurationList;
			buildConfigurations = (
				8935C72B21AF272B00C0A34F /* Debug */,
				8935C72C21AF272B00C0A34F /* Release */,
			);
			defaultConfigurationIsVisible = 0;
			defaultConfigurationName = Release;
		};
		8935C72D21AF272B00C0A34F /* Build configuration list for PBXNativeTarget "PageTheScroll" */ = {
			isa = XCConfigurationList;
			buildConfigurations = (
				8935C72E21AF272B00C0A34F /* Debug */,
				8935C72F21AF272B00C0A34F /* Release */,
			);
			defaultConfigurationIsVisible = 0;
			defaultConfigurationName = Release;
		};
		8935C73021AF272B00C0A34F /* Build configuration list for PBXNativeTarget "PageTheScrollTests" */ = {
			isa = XCConfigurationList;
			buildConfigurations = (
				8935C73121AF272B00C0A34F /* Debug */,
				8935C73221AF272B00C0A34F /* Release */,
			);
			defaultConfigurationIsVisible = 0;
			defaultConfigurationName = Release;
		};
		8935C73321AF272B00C0A34F /* Build configuration list for PBXNativeTarget "PageTheScrollUITests" */ = {
			isa = XCConfigurationList;
			buildConfigurations = (
				8935C73421AF272B00C0A34F /* Debug */,
				8935C73521AF272B00C0A34F /* Release */,
			);
			defaultConfigurationIsVisible = 0;
			defaultConfigurationName = Release;
		};
/* End XCConfigurationList section */

/* Begin XCVersionGroup section */
		8935C70C21AF272A00C0A34F /* PageTheScroll.xcdatamodeld */ = {
			isa = XCVersionGroup;
			children = (
				8935C70D21AF272A00C0A34F /* PageTheScroll.xcdatamodel */,
			);
			currentVersion = 8935C70D21AF272A00C0A34F /* PageTheScroll.xcdatamodel */;
			path = PageTheScroll.xcdatamodeld;
			sourceTree = "<group>";
			versionGroupType = wrapper.xcdatamodel;
		};
/* End XCVersionGroup section */
	};
	rootObject = 8935C6FA21AF272A00C0A34F /* Project object */;
}
